
Microsoft Visual Studio Solution File, Format Version 12.00
# Visual Studio Version 17
VisualStudioVersion = 17.9.34723.18
MinimumVisualStudioVersion = 10.0.40219.1
Project("{FAE04EC0-301F-11D3-BF4B-00C04F79EFBC}") = "InventoryManage", "InventoryManage.csproj", "{7952ACC6-DF4D-483A-ACBA-392B95BEB815}"
EndProject
Global
	GlobalSection(SolutionConfigurationPlatforms) = preSolution
		Debug|Any CPU = Debug|Any CPU
		Release|Any CPU = Release|Any CPU
	EndGlobalSection
	GlobalSection(ProjectConfigurationPlatforms) = postSolution
		{7952ACC6-DF4D-483A-ACBA-392B95BEB815}.Debug|Any CPU.ActiveCfg = Debug|Any CPU
		{7952ACC6-DF4D-483A-ACBA-392B95BEB815}.Debug|Any CPU.Build.0 = Debug|Any CPU
		{7952ACC6-DF4D-483A-ACBA-392B95BEB815}.Release|Any CPU.ActiveCfg = Release|Any CPU
		{7952ACC6-DF4D-483A-ACBA-392B95BEB815}.Release|Any CPU.Build.0 = Release|Any CPU
	EndGlobalSection
	GlobalSection(SolutionProperties) = preSolution
		HideSolutionNode = FALSE
	EndGlobalSection
	GlobalSection(ExtensibilityGlobals) = postSolution
		SolutionGuid = {C8BD9D88-10EC-43A0-BDBB-4EDA9FEB5778}
	EndGlobalSection
EndGlobal
